// !$*UTF8*$!
{
	archiveVersion = 1;
	classes = {
	};
	objectVersion = 77;
	objects = {

/* Begin PBXBuildFile section */
		1DD05DAA128D8E2C5F266967 /* CompanionKit in Frameworks */ = {isa = PBXBuildFile; productRef = D73A51A97611B4B7FC8A46B5 /* CompanionKit */; };
		2E402B465F36C3DFF3F3E754 /* CompanionKit in Frameworks */ = {isa = PBXBuildFile; productRef = 3DD3994957F46AF0CB05C429 /* CompanionKit */; };
		B0D8B0684E546463F8BB1CDC /* Cocoa.framework in Frameworks */ = {isa = PBXBuildFile; fileRef = 2741F6CEA358CAA54EA49209 /* Cocoa.framework */; };
		BAD8AA3E585DAC5CEA80A490 /* Cocoa.framework in Frameworks */ = {isa = PBXBuildFile; fileRef = 2741F6CEA358CAA54EA49209 /* Cocoa.framework */; };
/* End PBXBuildFile section */

/* Begin PBXContainerItemProxy section */
		A92B0C5F187CCE53B7F30AF0 /* PBXContainerItemProxy */ = {
			isa = PBXContainerItemProxy;
			containerPortal = BDD80ED45BCC901B8DD353F1 /* Project object */;
			proxyType = 1;
			remoteGlobalIDString = 8532858629297D37C5EFCC80;
			remoteInfo = CompanionMac;
		};
/* End PBXContainerItemProxy section */

/* Begin PBXFileReference section */
		2741F6CEA358CAA54EA49209 /* Cocoa.framework */ = {isa = PBXFileReference; lastKnownFileType = wrapper.framework; name = Cocoa.framework; path = System/Library/Frameworks/Cocoa.framework; sourceTree = SDKROOT; };
		5CA12E71FC884DDDFCBA01C6 /* CompanionMacTests.xctest */ = {isa = PBXFileReference; explicitFileType = wrapper.cfbundle; includeInIndex = 0; path = CompanionMacTests.xctest; sourceTree = BUILT_PRODUCTS_DIR; };
		71B14D7F03A41896930FC157 /* CompanionMac.app */ = {isa = PBXFileReference; explicitFileType = wrapper.application; includeInIndex = 0; path = CompanionMac.app; sourceTree = BUILT_PRODUCTS_DIR; };
/* End PBXFileReference section */

/* Begin PBXFileSystemSynchronizedBuildFileExceptionSet section */
		1EE3A95C676C8D0617D14470 /* Exceptions for "CompanionMac" folder in "CompanionMac" target */ = {
			isa = PBXFileSystemSynchronizedBuildFileExceptionSet;
			membershipExceptions = (
				CompanionMac.entitlements,
				Info.plist,
			);
			target = 8532858629297D37C5EFCC80 /* CompanionMac */;
		};
/* End PBXFileSystemSynchronizedBuildFileExceptionSet section */

/* Begin PBXFileSystemSynchronizedRootGroup section */
		0FE3D309CD71D70835E4CDA9 /* CompanionMacTests */ = {
			isa = PBXFileSystemSynchronizedRootGroup;
			exceptions = (
			);
			path = CompanionMacTests;
			sourceTree = "<group>";
		};
		C9BBE977A50A1A8C169F3E8B /* CompanionMac */ = {
			isa = PBXFileSystemSynchronizedRootGroup;
			exceptions = (
				1EE3A95C676C8D0617D14470 /* Exceptions for "CompanionMac" folder in "CompanionMac" target */,
			);
			path = CompanionMac;
			sourceTree = "<group>";
		};
/* End PBXFileSystemSynchronizedRootGroup section */

/* Begin PBXFrameworksBuildPhase section */
		009309F9214836142884B243 /* Frameworks */ = {
			isa = PBXFrameworksBuildPhase;
			buildActionMask = 2147483647;
			files = (
				B0D8B0684E546463F8BB1CDC /* Cocoa.framework in Frameworks */,
				2E402B465F36C3DFF3F3E754 /* CompanionKit in Frameworks */,
			);
			runOnlyForDeploymentPostprocessing = 0;
		};
		322B473DA63AD55499B0D786 /* Frameworks */ = {
			isa = PBXFrameworksBuildPhase;
			buildActionMask = 2147483647;
			files = (
				BAD8AA3E585DAC5CEA80A490 /* Cocoa.framework in Frameworks */,
				1DD05DAA128D8E2C5F266967 /* CompanionKit in Frameworks */,
			);
			runOnlyForDeploymentPostprocessing = 0;
		};
/* End PBXFrameworksBuildPhase section */

/* Begin PBXGroup section */
		251814DE8B9934F97A0DB19F = {
			isa = PBXGroup;
			children = (
				4A09460A5D8A46BD6159A6A9 /* Products */,
				2E37EFBC56125BBF9F62F9C8 /* Frameworks */,
				C9BBE977A50A1A8C169F3E8B /* CompanionMac */,
				0FE3D309CD71D70835E4CDA9 /* CompanionMacTests */,
			);
			sourceTree = "<group>";
		};
		2E37EFBC56125BBF9F62F9C8 /* Frameworks */ = {
			isa = PBXGroup;
			children = (
				EB55BB1336D6D20A619C1DEF /* OS X */,
			);
			name = Frameworks;
			sourceTree = "<group>";
		};
		4A09460A5D8A46BD6159A6A9 /* Products */ = {
			isa = PBXGroup;
			children = (
				71B14D7F03A41896930FC157 /* CompanionMac.app */,
				5CA12E71FC884DDDFCBA01C6 /* CompanionMacTests.xctest */,
			);
			name = Products;
			sourceTree = "<group>";
		};
		EB55BB1336D6D20A619C1DEF /* OS X */ = {
			isa = PBXGroup;
			children = (
				2741F6CEA358CAA54EA49209 /* Cocoa.framework */,
			);
			name = "OS X";
			sourceTree = "<group>";
		};
/* End PBXGroup section */

/* Begin PBXNativeTarget section */
		049FA4168CF011D2251460B1 /* CompanionMacTests */ = {
			isa = PBXNativeTarget;
			buildConfigurationList = 973AD4F7C6811306634B1E45 /* Build configuration list for PBXNativeTarget "CompanionMacTests" */;
			buildPhases = (
				2A19B764242949F06E875DC0 /* Sources */,
				009309F9214836142884B243 /* Frameworks */,
				EEFD57FE71E06F2A0BD83335 /* Resources */,
			);
			buildRules = (
			);
			dependencies = (
				671351C37E776AE9C5EDA6F4 /* PBXTargetDependency */,
			);
			fileSystemSynchronizedGroups = (
				0FE3D309CD71D70835E4CDA9 /* CompanionMacTests */,
			);
			name = CompanionMacTests;
			packageProductDependencies = (
				3DD3994957F46AF0CB05C429 /* CompanionKit */,
			);
			productName = CompanionMacTests;
			productReference = 5CA12E71FC884DDDFCBA01C6 /* CompanionMacTests.xctest */;
			productType = "com.apple.product-type.bundle.unit-test";
		};
		8532858629297D37C5EFCC80 /* CompanionMac */ = {
			isa = PBXNativeTarget;
			buildConfigurationList = ADE807E6F75841443A796F5B /* Build configuration list for PBXNativeTarget "CompanionMac" */;
			buildPhases = (
				A10D13BF5F97FD2A4266D624 /* Sources */,
				322B473DA63AD55499B0D786 /* Frameworks */,
				AE90F13C00D05064A6D744C6 /* Resources */,
			);
			buildRules = (
			);
			dependencies = (
			);
			fileSystemSynchronizedGroups = (
				C9BBE977A50A1A8C169F3E8B /* CompanionMac */,
			);
			name = CompanionMac;
			packageProductDependencies = (
				D73A51A97611B4B7FC8A46B5 /* CompanionKit */,
			);
			productName = CompanionMac;
			productReference = 71B14D7F03A41896930FC157 /* CompanionMac.app */;
			productType = "com.apple.product-type.application";
		};
/* End PBXNativeTarget section */

/* Begin PBXProject section */
		BDD80ED45BCC901B8DD353F1 /* Project object */ = {
			isa = PBXProject;
			attributes = {
				LastSwiftUpdateCheck = 1600;
				LastUpgradeCheck = 1600;
			};
			buildConfigurationList = 21B77A0DD623CACFB0652539 /* Build configuration list for PBXProject "CompanionMac" */;
			compatibilityVersion = "Xcode 16.0";
			developmentRegion = en;
			hasScannedForEncodings = 0;
			knownRegions = (
				en,
				Base,
			);
			mainGroup = 251814DE8B9934F97A0DB19F;
			minimizedProjectReferenceProxies = 0;
			packageReferences = (
				734BC4ED7EC18384BB917E51 /* XCLocalSwiftPackageReference "CompanionKit" */,
			);
			preferredProjectObjectVersion = 77;
			productRefGroup = 4A09460A5D8A46BD6159A6A9 /* Products */;
			projectDirPath = "";
			projectRoot = "";
			targets = (
				8532858629297D37C5EFCC80 /* CompanionMac */,
				049FA4168CF011D2251460B1 /* CompanionMacTests */,
			);
		};
/* End PBXProject section */

/* Begin PBXResourcesBuildPhase section */
		AE90F13C00D05064A6D744C6 /* Resources */ = {
			isa = PBXResourcesBuildPhase;
			buildActionMask = 2147483647;
			files = (
			);
			runOnlyForDeploymentPostprocessing = 0;
		};
		EEFD57FE71E06F2A0BD83335 /* Resources */ = {
			isa = PBXResourcesBuildPhase;
			buildActionMask = 2147483647;
			files = (
			);
			runOnlyForDeploymentPostprocessing = 0;
		};
/* End PBXResourcesBuildPhase section */

/* Begin PBXSourcesBuildPhase section */
		2A19B764242949F06E875DC0 /* Sources */ = {
			isa = PBXSourcesBuildPhase;
			buildActionMask = 2147483647;
			files = (
			);
			runOnlyForDeploymentPostprocessing = 0;
		};
		A10D13BF5F97FD2A4266D624 /* Sources */ = {
			isa = PBXSourcesBuildPhase;
			buildActionMask = 2147483647;
			files = (
			);
			runOnlyForDeploymentPostprocessing = 0;
		};
/* End PBXSourcesBuildPhase section */

/* Begin PBXTargetDependency section */
		671351C37E776AE9C5EDA6F4 /* PBXTargetDependency */ = {
			isa = PBXTargetDependency;
			name = CompanionMac;
			target = 8532858629297D37C5EFCC80 /* CompanionMac */;
			targetProxy = A92B0C5F187CCE53B7F30AF0 /* PBXContainerItemProxy */;
		};
/* End PBXTargetDependency section */

/* Begin XCBuildConfiguration section */
		771D9D22BE3E7F24F952F094 /* Debug */ = {
			isa = XCBuildConfiguration;
			buildSettings = {
				ALWAYS_SEARCH_USER_PATHS = NO;
				CLANG_ANALYZER_NONNULL = YES;
				CLANG_ANALYZER_NUMBER_OBJECT_CONVERSION = YES_AGGRESSIVE;
				CLANG_CXX_LANGUAGE_STANDARD = "gnu++14";
				CLANG_CXX_LIBRARY = "libc++";
				CLANG_ENABLE_MODULES = YES;
				CLANG_ENABLE_OBJC_ARC = YES;
				CLANG_ENABLE_OBJC_WEAK = YES;
				CLANG_WARN_BLOCK_CAPTURE_AUTORELEASING = YES;
				CLANG_WARN_BOOL_CONVERSION = YES;
				CLANG_WARN_COMMA = YES;
				CLANG_WARN_CONSTANT_CONVERSION = YES;
				CLANG_WARN_DEPRECATED_OBJC_IMPLEMENTATIONS = YES;
				CLANG_WARN_DIRECT_OBJC_ISA_USAGE = YES_ERROR;
				CLANG_WARN_DOCUMENTATION_COMMENTS = YES;
				CLANG_WARN_EMPTY_BODY = YES;
				CLANG_WARN_ENUM_CONVERSION = YES;
				CLANG_WARN_INFINITE_RECURSION = YES;
				CLANG_WARN_INT_CONVERSION = YES;
				CLANG_WARN_NON_LITERAL_NULL_CONVERSION = YES;
				CLANG_WARN_OBJC_IMPLICIT_RETAIN_SELF = YES;
				CLANG_WARN_OBJC_LITERAL_CONVERSION = YES;
				CLANG_WARN_OBJC_ROOT_CLASS = YES_ERROR;
				CLANG_WARN_QUOTED_INCLUDE_IN_FRAMEWORK_HEADER = YES;
				CLANG_WARN_RANGE_LOOP_ANALYSIS = YES;
				CLANG_WARN_STRICT_PROTOTYPES = YES;
				CLANG_WARN_SUSPICIOUS_MOVE = YES;
				CLANG_WARN_UNGUARDED_AVAILABILITY = YES_AGGRESSIVE;
				CLANG_WARN_UNREACHABLE_CODE = YES;
				CLANG_WARN__DUPLICATE_METHOD_MATCH = YES;
				COPY_PHASE_STRIP = NO;
				DEBUG_INFORMATION_FORMAT = dwarf;
				ENABLE_STRICT_OBJC_MSGSEND = YES;
				ENABLE_TESTABILITY = YES;
				GCC_C_LANGUAGE_STANDARD = gnu11;
				GCC_DYNAMIC_NO_PIC = NO;
				GCC_NO_COMMON_BLOCKS = YES;
				GCC_OPTIMIZATION_LEVEL = 0;
				GCC_PREPROCESSOR_DEFINITIONS = (
					"DEBUG=1",
					"$(inherited)",
				);
				GCC_WARN_64_TO_32_BIT_CONVERSION = YES;
				GCC_WARN_ABOUT_RETURN_TYPE = YES_ERROR;
				GCC_WARN_UNDECLARED_SELECTOR = YES;
				GCC_WARN_UNINITIALIZED_AUTOS = YES_AGGRESSIVE;
				GCC_WARN_UNUSED_FUNCTION = YES;
				GCC_WARN_UNUSED_VARIABLE = YES;
				MTL_ENABLE_DEBUG_INFO = INCLUDE_SOURCE;
				MTL_FAST_MATH = YES;
				ONLY_ACTIVE_ARCH = YES;
				PRODUCT_NAME = "$(TARGET_NAME)";
				SWIFT_ACTIVE_COMPILATION_CONDITIONS = DEBUG;
				SWIFT_OPTIMIZATION_LEVEL = "-Onone";
				SWIFT_VERSION = 5.0;
			};
			name = Debug;
		};
		D2D5FAA703CBDA4C250B36C7 /* Release */ = {
			isa = XCBuildConfiguration;
			buildSettings = {
				BUNDLE_LOADER = "$(TEST_HOST)";
				GENERATE_INFOPLIST_FILE = YES;
				MACOSX_DEPLOYMENT_TARGET = 14.0;
				PRODUCT_BUNDLE_IDENTIFIER = dev.companion.mac.tests;
				SDKROOT = macosx;
				SWIFT_STRICT_CONCURRENCY = complete;
				SWIFT_VERSION = 6.0;
				TEST_HOST = "$(BUILT_PRODUCTS_DIR)/CompanionMac.app/Contents/MacOS/CompanionMac";
			};
			name = Release;
		};
		DAA66CBE8AA1CAF8D785706F /* Release */ = {
			isa = XCBuildConfiguration;
			buildSettings = {
				ALWAYS_SEARCH_USER_PATHS = NO;
				CLANG_ANALYZER_NONNULL = YES;
				CLANG_ANALYZER_NUMBER_OBJECT_CONVERSION = YES_AGGRESSIVE;
				CLANG_CXX_LANGUAGE_STANDARD = "gnu++14";
				CLANG_CXX_LIBRARY = "libc++";
				CLANG_ENABLE_MODULES = YES;
				CLANG_ENABLE_OBJC_ARC = YES;
				CLANG_ENABLE_OBJC_WEAK = YES;
				CLANG_WARN_BLOCK_CAPTURE_AUTORELEASING = YES;
				CLANG_WARN_BOOL_CONVERSION = YES;
				CLANG_WARN_COMMA = YES;
				CLANG_WARN_CONSTANT_CONVERSION = YES;
				CLANG_WARN_DEPRECATED_OBJC_IMPLEMENTATIONS = YES;
				CLANG_WARN_DIRECT_OBJC_ISA_USAGE = YES_ERROR;
				CLANG_WARN_DOCUMENTATION_COMMENTS = YES;
				CLANG_WARN_EMPTY_BODY = YES;
				CLANG_WARN_ENUM_CONVERSION = YES;
				CLANG_WARN_INFINITE_RECURSION = YES;
				CLANG_WARN_INT_CONVERSION = YES;
				CLANG_WARN_NON_LITERAL_NULL_CONVERSION = YES;
				CLANG_WARN_OBJC_IMPLICIT_RETAIN_SELF = YES;
				CLANG_WARN_OBJC_LITERAL_CONVERSION = YES;
				CLANG_WARN_OBJC_ROOT_CLASS = YES_ERROR;
				CLANG_WARN_QUOTED_INCLUDE_IN_FRAMEWORK_HEADER = YES;
				CLANG_WARN_RANGE_LOOP_ANALYSIS = YES;
				CLANG_WARN_STRICT_PROTOTYPES = YES;
				CLANG_WARN_SUSPICIOUS_MOVE = YES;
				CLANG_WARN_UNGUARDED_AVAILABILITY = YES_AGGRESSIVE;
				CLANG_WARN_UNREACHABLE_CODE = YES;
				CLANG_WARN__DUPLICATE_METHOD_MATCH = YES;
				COPY_PHASE_STRIP = NO;
				DEBUG_INFORMATION_FORMAT = "dwarf-with-dsym";
				ENABLE_NS_ASSERTIONS = NO;
				ENABLE_STRICT_OBJC_MSGSEND = YES;
				GCC_C_LANGUAGE_STANDARD = gnu11;
				GCC_NO_COMMON_BLOCKS = YES;
				GCC_WARN_64_TO_32_BIT_CONVERSION = YES;
				GCC_WARN_ABOUT_RETURN_TYPE = YES_ERROR;
				GCC_WARN_UNDECLARED_SELECTOR = YES;
				GCC_WARN_UNINITIALIZED_AUTOS = YES_AGGRESSIVE;
				GCC_WARN_UNUSED_FUNCTION = YES;
				GCC_WARN_UNUSED_VARIABLE = YES;
				MTL_ENABLE_DEBUG_INFO = NO;
				MTL_FAST_MATH = YES;
				PRODUCT_NAME = "$(TARGET_NAME)";
				SWIFT_COMPILATION_MODE = wholemodule;
				SWIFT_OPTIMIZATION_LEVEL = "-O";
				SWIFT_VERSION = 5.0;
			};
			name = Release;
		};
		EF28309E663A39A9078B3BBF /* Debug */ = {
			isa = XCBuildConfiguration;
			buildSettings = {
				BUNDLE_LOADER = "$(TEST_HOST)";
				GENERATE_INFOPLIST_FILE = YES;
				MACOSX_DEPLOYMENT_TARGET = 14.0;
				PRODUCT_BUNDLE_IDENTIFIER = dev.companion.mac.tests;
				SDKROOT = macosx;
				SWIFT_STRICT_CONCURRENCY = complete;
				SWIFT_VERSION = 6.0;
				TEST_HOST = "$(BUILT_PRODUCTS_DIR)/CompanionMac.app/Contents/MacOS/CompanionMac";
			};
			name = Debug;
		};
		F63B431DA66059CAEAAF74F8 /* Release */ = {
			isa = XCBuildConfiguration;
			buildSettings = {
				CODE_SIGN_ENTITLEMENTS = CompanionMac/CompanionMac.entitlements;
				CODE_SIGN_STYLE = Automatic;
				COMBINE_HIDPI_IMAGES = YES;
				COMPANION_API_URL = "https://api.thecompanion.sh";
				COMPANION_URL_SCHEME = "companion-mac";
				CURRENT_PROJECT_VERSION = 1;
				ENABLE_HARDENED_RUNTIME = YES;
				GENERATE_INFOPLIST_FILE = NO;
				INFOPLIST_FILE = CompanionMac/Info.plist;
				LD_RUNPATH_SEARCH_PATHS = (
					"$(inherited)",
					"@executable_path/../Frameworks",
				);
				MACOSX_DEPLOYMENT_TARGET = 14.0;
				MARKETING_VERSION = 0.1.0;
				PRODUCT_BUNDLE_IDENTIFIER = dev.companion.mac;
				PRODUCT_MODULE_NAME = CompanionMac;
				SDKROOT = macosx;
				SWIFT_STRICT_CONCURRENCY = complete;
				SWIFT_VERSION = 6.0;
			};
			name = Release;
		};
		F67FBC65B43C0EE8CE43B265 /* Debug */ = {
			isa = XCBuildConfiguration;
			buildSettings = {
				CODE_SIGN_ENTITLEMENTS = CompanionMac/CompanionMac.entitlements;
				CODE_SIGN_STYLE = Automatic;
				COMBINE_HIDPI_IMAGES = YES;
				COMPANION_API_URL = "http://127.0.0.1:3001";
				COMPANION_URL_SCHEME = "companion-mac-dev";
				CURRENT_PROJECT_VERSION = 1;
				ENABLE_HARDENED_RUNTIME = NO;
				GENERATE_INFOPLIST_FILE = NO;
				INFOPLIST_FILE = CompanionMac/Info.plist;
				LD_RUNPATH_SEARCH_PATHS = (
					"$(inherited)",
					"@executable_path/../Frameworks",
				);
				MACOSX_DEPLOYMENT_TARGET = 14.0;
				MARKETING_VERSION = 0.1.0;
				PRODUCT_BUNDLE_IDENTIFIER = dev.companion.mac.dev;
				PRODUCT_MODULE_NAME = CompanionMac;
				SDKROOT = macosx;
				SWIFT_STRICT_CONCURRENCY = complete;
				SWIFT_VERSION = 6.0;
			};
			name = Debug;
		};
/* End XCBuildConfiguration section */

/* Begin XCConfigurationList section */
		21B77A0DD623CACFB0652539 /* Build configuration list for PBXProject "CompanionMac" */ = {
			isa = XCConfigurationList;
			buildConfigurations = (
				771D9D22BE3E7F24F952F094 /* Debug */,
				DAA66CBE8AA1CAF8D785706F /* Release */,
			);
			defaultConfigurationIsVisible = 0;
			defaultConfigurationName = Release;
		};
		973AD4F7C6811306634B1E45 /* Build configuration list for PBXNativeTarget "CompanionMacTests" */ = {
			isa = XCConfigurationList;
			buildConfigurations = (
				D2D5FAA703CBDA4C250B36C7 /* Release */,
				EF28309E663A39A9078B3BBF /* Debug */,
			);
			defaultConfigurationIsVisible = 0;
			defaultConfigurationName = Release;
		};
		ADE807E6F75841443A796F5B /* Build configuration list for PBXNativeTarget "CompanionMac" */ = {
			isa = XCConfigurationList;
			buildConfigurations = (
				F63B431DA66059CAEAAF74F8 /* Release */,
				F67FBC65B43C0EE8CE43B265 /* Debug */,
			);
			defaultConfigurationIsVisible = 0;
			defaultConfigurationName = Release;
		};
/* End XCConfigurationList section */

/* Begin XCLocalSwiftPackageReference section */
		734BC4ED7EC18384BB917E51 /* XCLocalSwiftPackageReference "CompanionKit" */ = {
			isa = XCLocalSwiftPackageReference;
			relativePath = ../ios/CompanionKit;
		};
/* End XCLocalSwiftPackageReference section */

/* Begin XCSwiftPackageProductDependency section */
		3DD3994957F46AF0CB05C429 /* CompanionKit */ = {
			isa = XCSwiftPackageProductDependency;
			package = 734BC4ED7EC18384BB917E51 /* XCLocalSwiftPackageReference "CompanionKit" */;
			productName = CompanionKit;
		};
		D73A51A97611B4B7FC8A46B5 /* CompanionKit */ = {
			isa = XCSwiftPackageProductDependency;
			package = 734BC4ED7EC18384BB917E51 /* XCLocalSwiftPackageReference "CompanionKit" */;
			productName = CompanionKit;
		};
/* End XCSwiftPackageProductDependency section */
	};
	rootObject = BDD80ED45BCC901B8DD353F1 /* Project object */;
}
